{
  "lockfile_version": "1",
  "packages": {
    "awscli2@latest": {
      "last_modified": "2025-09-18T16:33:27Z",
      "resolved": "github:NixOS/nixpkgs/f4b140d5b253f5e2a1ff4e5506edbf8267724bde#awscli2",
      "source": "devbox-search",
      "version": "2.28.1",
      "systems": {
        "aarch64-darwin": {
          "outputs": [
            {
              "name": "out",
              "path": "/nix/store/09p52n2pnfbxaspznk4v19z5nlhwwz42-awscli2-2.28.1",
              "default": true
            },
            {
              "name": "dist",
              "path": "/nix/store/gi3d8ja5rql5kasgv38zrnsijgsncymi-awscli2-2.28.1-dist"
            }
          ],
          "store_path": "/nix/store/09p52n2pnfbxaspznk4v19z5nlhwwz42-awscli2-2.28.1"
        },
        "aarch64-linux": {
          "outputs": [
            {
              "name": "out",
              "path": "/nix/store/ks7aqq35ibblx5kvhspjpg8vrsqlii67-awscli2-2.28.1",
              "default": true
            },
            {
              "name": "dist",
              "path": "/nix/store/7f8af071pa61gizg6n7cxvnp3ln0rmfm-awscli2-2.28.1-dist"
            }
          ],
          "store_path": "/nix/store/ks7aqq35ibblx5kvhspjpg8vrsqlii67-awscli2-2.28.1"
        },
        "x86_64-darwin": {
          "outputs": [
            {
              "name": "out",
              "path": "/nix/store/6hh956yig7rnirggmifwlswr6mv9kjch-awscli2-2.28.1",
              "default": true
            },
            {
              "name": "dist",
              "path": "/nix/store/qaxmd3sns3r6pg956q53zk46z4qngvmm-awscli2-2.28.1-dist"
            }
          ],
          "store_path": "/nix/store/6hh956yig7rnirggmifwlswr6mv9kjch-awscli2-2.28.1"
        },
        "x86_64-linux": {
          "outputs": [
            {
              "name": "out",
              "path": "/nix/store/vcd7p3z4x46an5ka644g7rq9l4lqcaqq-awscli2-2.28.1",
              "default": true
            },
            {
              "name": "dist",
              "path": "/nix/store/amxd9h139s29fcxk2riyp9ncnc0vixhs-awscli2-2.28.1-dist"
            }
          ],
          "store_path": "/nix/store/vcd7p3z4x46an5ka644g7rq9l4lqcaqq-awscli2-2.28.1"
        }
      }
    },
    "github:NixOS/nixpkgs/nixpkgs-unstable": {
      "last_modified": "2025-10-08T10:03:27Z",
      "resolved": "github:NixOS/nixpkgs/fb5cf53218b987f2703a5bbc292a030c0fe33443?lastModified=1759917807&narHash=sha256-WoSazth5EXIJmveWf0zbTMycrgpbLYOth6KhmltMuv0%3D"
    },
    "graalvmPackages.graalvm-ce@latest": {
      "last_modified": "2025-10-07T08:41:47Z",
      "resolved": "github:NixOS/nixpkgs/bce5fe2bb998488d8e7e7856315f90496723793c#graalvmPackages.graalvm-ce",
      "source": "devbox-search",
      "version": "25.0.0",
      "systems": {
        "aarch64-darwin": {
          "outputs": [
            {
              "name": "out",
              "path": "/nix/store/b6ap1lqyg9sgvw8jz6kc1jj83za4zcbf-graalvm-ce-25.0.0",
              "default": true
            }
          ],
          "store_path": "/nix/store/b6ap1lqyg9sgvw8jz6kc1jj83za4zcbf-graalvm-ce-25.0.0"
        },
        "aarch64-linux": {
          "outputs": [
            {
              "name": "out",
              "path": "/nix/store/9cz0k8c4q4n630vklqrhkp5adv6phij7-graalvm-ce-25.0.0",
              "default": true
            }
          ],
          "store_path": "/nix/store/9cz0k8c4q4n630vklqrhkp5adv6phij7-graalvm-ce-25.0.0"
        },
        "x86_64-darwin": {
          "outputs": [
            {
              "name": "out",
              "path": "/nix/store/q85xbps365r3ik0jkf2hgvz91d42iyj2-graalvm-ce-25.0.0",
              "default": true
            }
          ],
          "store_path": "/nix/store/q85xbps365r3ik0jkf2hgvz91d42iyj2-graalvm-ce-25.0.0"
        },
        "x86_64-linux": {
          "outputs": [
            {
              "name": "out",
              "path": "/nix/store/n4gngmlvgrd5vviwycg2prxk4brax3lk-graalvm-ce-25.0.0",
              "default": true
            }
          ],
          "store_path": "/nix/store/n4gngmlvgrd5vviwycg2prxk4brax3lk-graalvm-ce-25.0.0"
        }
      }
    },
    "maven@latest": {
      "last_modified": "2025-09-18T16:33:27Z",
      "resolved": "github:NixOS/nixpkgs/f4b140d5b253f5e2a1ff4e5506edbf8267724bde#maven",
      "source": "devbox-search",
      "version": "3.9.11",
      "systems": {
        "aarch64-darwin": {
          "outputs": [
            {
              "name": "out",
              "path": "/nix/store/rzhr4g6jwsib6szxwji7kqj9bbc87vq6-maven-3.9.11",
              "default": true
            }
          ],
          "store_path": "/nix/store/rzhr4g6jwsib6szxwji7kqj9bbc87vq6-maven-3.9.11"
        },
        "aarch64-linux": {
          "outputs": [
            {
              "name": "out",
              "path": "/nix/store/0n3y4r6ilszcw1r5ya426ig4cb4ammm8-maven-3.9.11",
              "default": true
            }
          ],
          "store_path": "/nix/store/0n3y4r6ilszcw1r5ya426ig4cb4ammm8-maven-3.9.11"
        },
        "x86_64-darwin": {
          "outputs": [
            {
              "name": "out",
              "path": "/nix/store/8ni22mh86cmzc4gw5x2g7xm1nbwi5l1c-maven-3.9.11",
              "default": true
            }
          ],
          "store_path": "/nix/store/8ni22mh86cmzc4gw5x2g7xm1nbwi5l1c-maven-3.9.11"
        },
        "x86_64-linux": {
          "outputs": [
            {
              "name": "out",
              "path": "/nix/store/ngdc0ikxrpvdicdchs8146y2xdy83wfj-maven-3.9.11",
              "default": true
            }
          ],
          "store_path": "/nix/store/ngdc0ikxrpvdicdchs8146y2xdy83wfj-maven-3.9.11"
        }
      }
    },
    "mysql-client@latest": {
      "last_modified": "2023-02-24T09:01:09Z",
      "resolved": "github:NixOS/nixpkgs/7d0ed7f2e5aea07ab22ccb338d27fbe347ed2f11#mysql-client",
      "source": "devbox-search",
      "version": "10.6.12"
    },
    "quarkus@latest": {
      "last_modified": "2025-09-18T16:33:27Z",
      "resolved": "github:NixOS/nixpkgs/f4b140d5b253f5e2a1ff4e5506edbf8267724bde#quarkus",
      "source": "devbox-search",
      "version": "3.25.4",
      "systems": {
        "aarch64-darwin": {
          "outputs": [
            {
              "name": "out",
              "path": "/nix/store/38dcfyql89m381pjv9p3css3z2a34zc8-quarkus-cli-3.25.4",
              "default": true
            }
          ],
          "store_path": "/nix/store/38dcfyql89m381pjv9p3css3z2a34zc8-quarkus-cli-3.25.4"
        },
        "aarch64-linux": {
          "outputs": [
            {
              "name": "out",
              "path": "/nix/store/4rybhjfr94pdzrixlqk88d1fb1yjqc3v-quarkus-cli-3.25.4",
              "default": true
            }
          ],
          "store_path": "/nix/store/4rybhjfr94pdzrixlqk88d1fb1yjqc3v-quarkus-cli-3.25.4"
        },
        "x86_64-darwin": {
          "outputs": [
            {
              "name": "out",
              "path": "/nix/store/v5nifq4mvykgi35pq9shykwx7ndb5whg-quarkus-cli-3.25.4",
              "default": true
            }
          ],
          "store_path": "/nix/store/v5nifq4mvykgi35pq9shykwx7ndb5whg-quarkus-cli-3.25.4"
        },
        "x86_64-linux": {
          "outputs": [
            {
              "name": "out",
              "path": "/nix/store/j6ir3j3fq3zdi7jj59n73qdkpi1dginv-quarkus-cli-3.25.4",
              "default": true
            }
          ],
          "store_path": "/nix/store/j6ir3j3fq3zdi7jj59n73qdkpi1dginv-quarkus-cli-3.25.4"
        }
      }
    }
  }
}
